
Microsoft Visual Studio Solution File, Format Version 12.00
# Visual Studio 15
VisualStudioVersion = 15.0.28307.902
MinimumVisualStudioVersion = 10.0.40219.1
Project("{FAE04EC0-301F-11D3-BF4B-00C04F79EFBC}") = "WS.MVC.ScoreWeb", "WS.MVC.ScoreWeb\WS.MVC.ScoreWeb.csproj", "{BCAFE2AB-A19A-49D2-992B-3D007D3B6BFD}"
EndProject
Project("{FAE04EC0-301F-11D3-BF4B-00C04F79EFBC}") = "WS.EF.ScoreDAL", "WS.EF.ScoreDAL\WS.EF.ScoreDAL.csproj", "{A6E9FEF5-9528-423E-A72C-149EE82C100D}"
EndProject
Global
	GlobalSection(SolutionConfigurationPlatforms) = preSolution
		Debug|Any CPU = Debug|Any CPU
		Release|Any CPU = Release|Any CPU
	EndGlobalSection
	GlobalSection(ProjectConfigurationPlatforms) = postSolution
		{BCAFE2AB-A19A-49D2-992B-3D007D3B6BFD}.Debug|Any CPU.ActiveCfg = Debug|Any CPU
		{BCAFE2AB-A19A-49D2-992B-3D007D3B6BFD}.Debug|Any CPU.Build.0 = Debug|Any CPU
		{BCAFE2AB-A19A-49D2-992B-3D007D3B6BFD}.Release|Any CPU.ActiveCfg = Release|Any CPU
		{BCAFE2AB-A19A-49D2-992B-3D007D3B6BFD}.Release|Any CPU.Build.0 = Release|Any CPU
		{A6E9FEF5-9528-423E-A72C-149EE82C100D}.Debug|Any CPU.ActiveCfg = Debug|Any CPU
		{A6E9FEF5-9528-423E-A72C-149EE82C100D}.Debug|Any CPU.Build.0 = Debug|Any CPU
		{A6E9FEF5-9528-423E-A72C-149EE82C100D}.Release|Any CPU.ActiveCfg = Release|Any CPU
		{A6E9FEF5-9528-423E-A72C-149EE82C100D}.Release|Any CPU.Build.0 = Release|Any CPU
	EndGlobalSection
	GlobalSection(SolutionProperties) = preSolution
		HideSolutionNode = FALSE
	EndGlobalSection
	GlobalSection(ExtensibilityGlobals) = postSolution
		SolutionGuid = {F15F42A5-6FE8-4D2D-9DC9-1EBFCC148194}
	EndGlobalSection
EndGlobal
